
Microsoft Visual Studio Solution File, Format Version 12.00
# Visual Studio Version 17
VisualStudioVersion = 17.14.36518.9 d17.14
MinimumVisualStudioVersion = 10.0.40219.1
Project("{FAE04EC0-301F-11D3-BF4B-00C04F79EFBC}") = "AP5PW_Helpdesk", "AP5PW_Helpdesk\AP5PW_Helpdesk.csproj", "{D29C3275-5549-4829-967F-3DCEB7A89DCE}"
EndProject
Global
	GlobalSection(SolutionConfigurationPlatforms) = preSolution
		Debug|Any CPU = Debug|Any CPU
		Release|Any CPU = Release|Any CPU
	EndGlobalSection
	GlobalSection(ProjectConfigurationPlatforms) = postSolution
		{D29C3275-5549-4829-967F-3DCEB7A89DCE}.Debug|Any CPU.ActiveCfg = Debug|Any CPU
		{D29C3275-5549-4829-967F-3DCEB7A89DCE}.Debug|Any CPU.Build.0 = Debug|Any CPU
		{D29C3275-5549-4829-967F-3DCEB7A89DCE}.Release|Any CPU.ActiveCfg = Release|Any CPU
		{D29C3275-5549-4829-967F-3DCEB7A89DCE}.Release|Any CPU.Build.0 = Release|Any CPU
	EndGlobalSection
	GlobalSection(SolutionProperties) = preSolution
		HideSolutionNode = FALSE
	EndGlobalSection
	GlobalSection(ExtensibilityGlobals) = postSolution
		SolutionGuid = {590BDE2A-6F8B-4604-9A85-C8CE46D29276}
	EndGlobalSection
EndGlobal
